// !$*UTF8*$!
{
	archiveVersion = 1;
	classes = {
	};
	objectVersion = 50;
	objects = {

/* Begin PBXBuildFile section */
		1F0FD0B624C8FAEA0008E30C /* Level1.cpp in Sources */ = {isa = PBXBuildFile; fileRef = 1F0FD0B424C8FAEA0008E30C /* Level1.cpp */; };
		1F0FD0B924C8FB3C0008E30C /* Level2.cpp in Sources */ = {isa = PBXBuildFile; fileRef = 1F0FD0B724C8FB3C0008E30C /* Level2.cpp */; };
		1F0FD0BC24C8FB6E0008E30C /* Level3.cpp in Sources */ = {isa = PBXBuildFile; fileRef = 1F0FD0BA24C8FB6E0008E30C /* Level3.cpp */; };
		1F0FD0BF24C8FBA10008E30C /* Map.cpp in Sources */ = {isa = PBXBuildFile; fileRef = 1F0FD0BD24C8FBA10008E30C /* Map.cpp */; };
		1F0FD0C224C8FBCD0008E30C /* Title.cpp in Sources */ = {isa = PBXBuildFile; fileRef = 1F0FD0C024C8FBCD0008E30C /* Title.cpp */; };
		1F87D68624CD1D6E00B53411 /* Entity.cpp in Sources */ = {isa = PBXBuildFile; fileRef = 1F87D68524CD1D6E00B53411 /* Entity.cpp */; };
		1F87D68A24CD1DC700B53411 /* Util.cpp in Sources */ = {isa = PBXBuildFile; fileRef = 1F87D68824CD1DC600B53411 /* Util.cpp */; };
		1F87D68F24CD1EC700B53411 /* Scene.cpp in Sources */ = {isa = PBXBuildFile; fileRef = 1F87D68D24CD1EC500B53411 /* Scene.cpp */; };
		1F87D6A224CD1F2300B53411 /* Font.png in CopyFiles */ = {isa = PBXBuildFile; fileRef = 1F87D69124CD1EE100B53411 /* Font.png */; };
		1FF16C2724CDC3B2006FDE19 /* Caterpie.png in CopyFiles */ = {isa = PBXBuildFile; fileRef = 1FF16C2124CDBBDA006FDE19 /* Caterpie.png */; };
		1FF16C2824CDC3B3006FDE19 /* sad_caterpie.png in CopyFiles */ = {isa = PBXBuildFile; fileRef = 1FF16C2224CDBBE3006FDE19 /* sad_caterpie.png */; };
		1FF16C2924CDC3B6006FDE19 /* Block.png in CopyFiles */ = {isa = PBXBuildFile; fileRef = 1FF16C2324CDBBF1006FDE19 /* Block.png */; };
		1FF16C2F24CDC3CC006FDE19 /* charizard_sad.png in CopyFiles */ = {isa = PBXBuildFile; fileRef = 1FF16C2D24CDC3C9006FDE19 /* charizard_sad.png */; };
		1FF16C3124CDC418006FDE19 /* sad_zubat.png in CopyFiles */ = {isa = PBXBuildFile; fileRef = 1FF16C3024CDC416006FDE19 /* sad_zubat.png */; };
		1FF16C3424CDC438006FDE19 /* zubat.png in CopyFiles */ = {isa = PBXBuildFile; fileRef = 1FF16C3324CDC437006FDE19 /* zubat.png */; };
		1FF16C3624CDC505006FDE19 /* Fireball.wav in CopyFiles */ = {isa = PBXBuildFile; fileRef = 1FF16C3524CDC4FF006FDE19 /* Fireball.wav */; };
		1FF16C3724CDC724006FDE19 /* fireball.png in CopyFiles */ = {isa = PBXBuildFile; fileRef = 1FF16C2424CDBBFB006FDE19 /* fireball.png */; };
		1FF16C3D24CDC9E3006FDE19 /* Title.png in CopyFiles */ = {isa = PBXBuildFile; fileRef = 1FF16C3C24CDC9E2006FDE19 /* Title.png */; };
		1FF16C4124CDD0D0006FDE19 /* charizard.png in CopyFiles */ = {isa = PBXBuildFile; fileRef = 1FF16C4024CDD0CE006FDE19 /* charizard.png */; };
		1FF16C4524CDD280006FDE19 /* sad_squirtle.png in CopyFiles */ = {isa = PBXBuildFile; fileRef = 1FF16C4324CDD277006FDE19 /* sad_squirtle.png */; };
		1FF16CA924CDDE7B006FDE19 /* pokemonbattle.mp3 in CopyFiles */ = {isa = PBXBuildFile; fileRef = 1FF16CA824CDDE34006FDE19 /* pokemonbattle.mp3 */; };
		1FF16CAB24CDDF0A006FDE19 /* squirtle_squad.png in CopyFiles */ = {isa = PBXBuildFile; fileRef = 1FF16CAA24CDDF08006FDE19 /* squirtle_squad.png */; };
		1FF16CAF24CDE94A006FDE19 /* tileset.png in CopyFiles */ = {isa = PBXBuildFile; fileRef = 1FF16CAE24CDE939006FDE19 /* tileset.png */; };
		DBDF1B532323DE3F007CECB1 /* main.cpp in Sources */ = {isa = PBXBuildFile; fileRef = DBDF1B522323DE3F007CECB1 /* main.cpp */; };
		DBDF1B5E2323DE8D007CECB1 /* ShaderProgram.cpp in Sources */ = {isa = PBXBuildFile; fileRef = DBDF1B5D2323DE8D007CECB1 /* ShaderProgram.cpp */; };
		DBDF1B612323DE9E007CECB1 /* shaders in CopyFiles */ = {isa = PBXBuildFile; fileRef = DBDF1B5C2323DE8D007CECB1 /* shaders */; };
		DBDF1B632323DEDA007CECB1 /* OpenGL.framework in Frameworks */ = {isa = PBXBuildFile; fileRef = DBDF1B622323DEDA007CECB1 /* OpenGL.framework */; };
		DBDF1B652323DEDF007CECB1 /* Cocoa.framework in Frameworks */ = {isa = PBXBuildFile; fileRef = DBDF1B642323DEDF007CECB1 /* Cocoa.framework */; };
		DBDF1B692323DEEA007CECB1 /* SDL2.framework in Frameworks */ = {isa = PBXBuildFile; fileRef = DBDF1B662323DEEA007CECB1 /* SDL2.framework */; };
		DBDF1B6A2323DEEA007CECB1 /* SDL2_image.framework in Frameworks */ = {isa = PBXBuildFile; fileRef = DBDF1B672323DEEA007CECB1 /* SDL2_image.framework */; };
		DBDF1B6B2323DEEA007CECB1 /* SDL2_mixer.framework in Frameworks */ = {isa = PBXBuildFile; fileRef = DBDF1B682323DEEA007CECB1 /* SDL2_mixer.framework */; };
/* End PBXBuildFile section */

/* Begin PBXCopyFilesBuildPhase section */
		DBDF1B4D2323DE3F007CECB1 /* CopyFiles */ = {
			isa = PBXCopyFilesBuildPhase;
			buildActionMask = 12;
			dstPath = "";
			dstSubfolderSpec = 6;
			files = (
				DBDF1B612323DE9E007CECB1 /* shaders in CopyFiles */,
				1FF16CA924CDDE7B006FDE19 /* pokemonbattle.mp3 in CopyFiles */,
				1FF16C3D24CDC9E3006FDE19 /* Title.png in CopyFiles */,
				1FF16CAF24CDE94A006FDE19 /* tileset.png in CopyFiles */,
				1FF16C3624CDC505006FDE19 /* Fireball.wav in CopyFiles */,
				1FF16C3724CDC724006FDE19 /* fireball.png in CopyFiles */,
				1FF16CAB24CDDF0A006FDE19 /* squirtle_squad.png in CopyFiles */,
				1FF16C2824CDC3B3006FDE19 /* sad_caterpie.png in CopyFiles */,
				1FF16C2724CDC3B2006FDE19 /* Caterpie.png in CopyFiles */,
				1FF16C4524CDD280006FDE19 /* sad_squirtle.png in CopyFiles */,
				1FF16C3124CDC418006FDE19 /* sad_zubat.png in CopyFiles */,
				1FF16C3424CDC438006FDE19 /* zubat.png in CopyFiles */,
				1FF16C4124CDD0D0006FDE19 /* charizard.png in CopyFiles */,
				1FF16C2F24CDC3CC006FDE19 /* charizard_sad.png in CopyFiles */,
				1FF16C2924CDC3B6006FDE19 /* Block.png in CopyFiles */,
				1F87D6A224CD1F2300B53411 /* Font.png in CopyFiles */,
			);
			runOnlyForDeploymentPostprocessing = 0;
		};
/* End PBXCopyFilesBuildPhase section */

/* Begin PBXFileReference section */
		1F0FD0B424C8FAEA0008E30C /* Level1.cpp */ = {isa = PBXFileReference; lastKnownFileType = sourcecode.cpp.cpp; path = Level1.cpp; sourceTree = "<group>"; };
		1F0FD0B524C8FAEA0008E30C /* Level1.h */ = {isa = PBXFileReference; lastKnownFileType = sourcecode.c.h; path = Level1.h; sourceTree = "<group>"; };
		1F0FD0B724C8FB3C0008E30C /* Level2.cpp */ = {isa = PBXFileReference; lastKnownFileType = sourcecode.cpp.cpp; path = Level2.cpp; sourceTree = "<group>"; };
		1F0FD0B824C8FB3C0008E30C /* Level2.h */ = {isa = PBXFileReference; lastKnownFileType = sourcecode.c.h; path = Level2.h; sourceTree = "<group>"; };
		1F0FD0BA24C8FB6E0008E30C /* Level3.cpp */ = {isa = PBXFileReference; lastKnownFileType = sourcecode.cpp.cpp; path = Level3.cpp; sourceTree = "<group>"; };
		1F0FD0BB24C8FB6E0008E30C /* Level3.h */ = {isa = PBXFileReference; lastKnownFileType = sourcecode.c.h; path = Level3.h; sourceTree = "<group>"; };
		1F0FD0BD24C8FBA10008E30C /* Map.cpp */ = {isa = PBXFileReference; lastKnownFileType = sourcecode.cpp.cpp; path = Map.cpp; sourceTree = "<group>"; };
		1F0FD0BE24C8FBA10008E30C /* Map.h */ = {isa = PBXFileReference; lastKnownFileType = sourcecode.c.h; path = Map.h; sourceTree = "<group>"; };
		1F0FD0C024C8FBCD0008E30C /* Title.cpp */ = {isa = PBXFileReference; lastKnownFileType = sourcecode.cpp.cpp; path = Title.cpp; sourceTree = "<group>"; };
		1F0FD0C124C8FBCD0008E30C /* Title.h */ = {isa = PBXFileReference; lastKnownFileType = sourcecode.c.h; path = Title.h; sourceTree = "<group>"; };
		1F87D68524CD1D6E00B53411 /* Entity.cpp */ = {isa = PBXFileReference; fileEncoding = 4; lastKnownFileType = sourcecode.cpp.cpp; path = Entity.cpp; sourceTree = "<group>"; };
		1F87D68724CD1D7900B53411 /* Entity.h */ = {isa = PBXFileReference; lastKnownFileType = sourcecode.c.h; path = Entity.h; sourceTree = "<group>"; };
		1F87D68824CD1DC600B53411 /* Util.cpp */ = {isa = PBXFileReference; fileEncoding = 4; lastKnownFileType = sourcecode.cpp.cpp; path = Util.cpp; sourceTree = "<group>"; };
		1F87D68924CD1DC700B53411 /* Util.h */ = {isa = PBXFileReference; fileEncoding = 4; lastKnownFileType = sourcecode.c.h; path = Util.h; sourceTree = "<group>"; };
		1F87D68D24CD1EC500B53411 /* Scene.cpp */ = {isa = PBXFileReference; fileEncoding = 4; lastKnownFileType = sourcecode.cpp.cpp; path = Scene.cpp; sourceTree = "<group>"; };
		1F87D68E24CD1EC700B53411 /* Scene.h */ = {isa = PBXFileReference; fileEncoding = 4; lastKnownFileType = sourcecode.c.h; path = Scene.h; sourceTree = "<group>"; };
		1F87D69124CD1EE100B53411 /* Font.png */ = {isa = PBXFileReference; lastKnownFileType = image.png; path = Font.png; sourceTree = "<group>"; };
		1FF16C2124CDBBDA006FDE19 /* Caterpie.png */ = {isa = PBXFileReference; lastKnownFileType = image.png; path = Caterpie.png; sourceTree = "<group>"; };
		1FF16C2224CDBBE3006FDE19 /* sad_caterpie.png */ = {isa = PBXFileReference; lastKnownFileType = image.png; path = sad_caterpie.png; sourceTree = "<group>"; };
		1FF16C2324CDBBF1006FDE19 /* Block.png */ = {isa = PBXFileReference; lastKnownFileType = image.png; path = Block.png; sourceTree = "<group>"; };
		1FF16C2424CDBBFB006FDE19 /* fireball.png */ = {isa = PBXFileReference; lastKnownFileType = image.png; path = fireball.png; sourceTree = "<group>"; };
		1FF16C2D24CDC3C9006FDE19 /* charizard_sad.png */ = {isa = PBXFileReference; lastKnownFileType = image.png; path = charizard_sad.png; sourceTree = "<group>"; };
		1FF16C3024CDC416006FDE19 /* sad_zubat.png */ = {isa = PBXFileReference; lastKnownFileType = image.png; path = sad_zubat.png; sourceTree = "<group>"; };
		1FF16C3324CDC437006FDE19 /* zubat.png */ = {isa = PBXFileReference; lastKnownFileType = image.png; path = zubat.png; sourceTree = "<group>"; };
		1FF16C3524CDC4FF006FDE19 /* Fireball.wav */ = {isa = PBXFileReference; lastKnownFileType = audio.wav; path = Fireball.wav; sourceTree = "<group>"; };
		1FF16C3C24CDC9E2006FDE19 /* Title.png */ = {isa = PBXFileReference; lastKnownFileType = image.png; path = Title.png; sourceTree = "<group>"; };
		1FF16C4024CDD0CE006FDE19 /* charizard.png */ = {isa = PBXFileReference; lastKnownFileType = image.png; name = charizard.png; path = ../../../../Desktop/charizard.png; sourceTree = "<group>"; };
		1FF16C4324CDD277006FDE19 /* sad_squirtle.png */ = {isa = PBXFileReference; lastKnownFileType = image.png; name = sad_squirtle.png; path = ../../../../Desktop/sad_squirtle.png; sourceTree = "<group>"; };
		1FF16CA824CDDE34006FDE19 /* pokemonbattle.mp3 */ = {isa = PBXFileReference; lastKnownFileType = audio.mp3; path = pokemonbattle.mp3; sourceTree = "<group>"; };
		1FF16CAA24CDDF08006FDE19 /* squirtle_squad.png */ = {isa = PBXFileReference; lastKnownFileType = image.png; name = squirtle_squad.png; path = ../../../../Desktop/squirtle_squad.png; sourceTree = "<group>"; };
		1FF16CAE24CDE939006FDE19 /* tileset.png */ = {isa = PBXFileReference; lastKnownFileType = image.png; name = tileset.png; path = "../../../../Desktop/Comp/CS3113-master/Assets/2D Sprites/tileset.png"; sourceTree = "<group>"; };
		DBDF1B4F2323DE3F007CECB1 /* SDLProject */ = {isa = PBXFileReference; explicitFileType = "compiled.mach-o.executable"; includeInIndex = 0; path = SDLProject; sourceTree = BUILT_PRODUCTS_DIR; };
		DBDF1B522323DE3F007CECB1 /* main.cpp */ = {isa = PBXFileReference; lastKnownFileType = sourcecode.cpp.cpp; path = main.cpp; sourceTree = "<group>"; };
		DBDF1B592323DE8D007CECB1 /* ShaderProgram.h */ = {isa = PBXFileReference; fileEncoding = 4; lastKnownFileType = sourcecode.c.h; path = ShaderProgram.h; sourceTree = "<group>"; };
		DBDF1B5A2323DE8D007CECB1 /* stb_image.h */ = {isa = PBXFileReference; fileEncoding = 4; lastKnownFileType = sourcecode.c.h; path = stb_image.h; sourceTree = "<group>"; };
		DBDF1B5B2323DE8D007CECB1 /* glm */ = {isa = PBXFileReference; lastKnownFileType = folder; path = glm; sourceTree = "<group>"; };
		DBDF1B5C2323DE8D007CECB1 /* shaders */ = {isa = PBXFileReference; lastKnownFileType = folder; path = shaders; sourceTree = "<group>"; };
		DBDF1B5D2323DE8D007CECB1 /* ShaderProgram.cpp */ = {isa = PBXFileReference; fileEncoding = 4; lastKnownFileType = sourcecode.cpp.cpp; path = ShaderProgram.cpp; sourceTree = "<group>"; };
		DBDF1B622323DEDA007CECB1 /* OpenGL.framework */ = {isa = PBXFileReference; lastKnownFileType = wrapper.framework; name = OpenGL.framework; path = System/Library/Frameworks/OpenGL.framework; sourceTree = SDKROOT; };
		DBDF1B642323DEDF007CECB1 /* Cocoa.framework */ = {isa = PBXFileReference; lastKnownFileType = wrapper.framework; name = Cocoa.framework; path = System/Library/Frameworks/Cocoa.framework; sourceTree = SDKROOT; };
		DBDF1B662323DEEA007CECB1 /* SDL2.framework */ = {isa = PBXFileReference; lastKnownFileType = wrapper.framework; name = SDL2.framework; path = ../../../../../Library/Frameworks/SDL2.framework; sourceTree = "<group>"; };
		DBDF1B672323DEEA007CECB1 /* SDL2_image.framework */ = {isa = PBXFileReference; lastKnownFileType = wrapper.framework; name = SDL2_image.framework; path = ../../../../../Library/Frameworks/SDL2_image.framework; sourceTree = "<group>"; };
		DBDF1B682323DEEA007CECB1 /* SDL2_mixer.framework */ = {isa = PBXFileReference; lastKnownFileType = wrapper.framework; name = SDL2_mixer.framework; path = ../../../../../Library/Frameworks/SDL2_mixer.framework; sourceTree = "<group>"; };
/* End PBXFileReference section */

/* Begin PBXFrameworksBuildPhase section */
		DBDF1B4C2323DE3F007CECB1 /* Frameworks */ = {
			isa = PBXFrameworksBuildPhase;
			buildActionMask = 2147483647;
			files = (
				DBDF1B692323DEEA007CECB1 /* SDL2.framework in Frameworks */,
				DBDF1B6A2323DEEA007CECB1 /* SDL2_image.framework in Frameworks */,
				DBDF1B6B2323DEEA007CECB1 /* SDL2_mixer.framework in Frameworks */,
				DBDF1B652323DEDF007CECB1 /* Cocoa.framework in Frameworks */,
				DBDF1B632323DEDA007CECB1 /* OpenGL.framework in Frameworks */,
			);
			runOnlyForDeploymentPostprocessing = 0;
		};
/* End PBXFrameworksBuildPhase section */

/* Begin PBXGroup section */
		DBDF1B462323DE3F007CECB1 = {
			isa = PBXGroup;
			children = (
				DBDF1B512323DE3F007CECB1 /* SDLProject */,
				DBDF1B502323DE3F007CECB1 /* Products */,
				DBDF1B5F2323DE92007CECB1 /* Frameworks */,
			);
			sourceTree = "<group>";
		};
		DBDF1B502323DE3F007CECB1 /* Products */ = {
			isa = PBXGroup;
			children = (
				DBDF1B4F2323DE3F007CECB1 /* SDLProject */,
			);
			name = Products;
			sourceTree = "<group>";
		};
		DBDF1B512323DE3F007CECB1 /* SDLProject */ = {
			isa = PBXGroup;
			children = (
				1FF16CA824CDDE34006FDE19 /* pokemonbattle.mp3 */,
				1FF16C3C24CDC9E2006FDE19 /* Title.png */,
				1FF16C3524CDC4FF006FDE19 /* Fireball.wav */,
				1FF16CAE24CDE939006FDE19 /* tileset.png */,
				1FF16C2124CDBBDA006FDE19 /* Caterpie.png */,
				1FF16C2224CDBBE3006FDE19 /* sad_caterpie.png */,
				1FF16C2324CDBBF1006FDE19 /* Block.png */,
				1FF16C2424CDBBFB006FDE19 /* fireball.png */,
				1FF16C4024CDD0CE006FDE19 /* charizard.png */,
				1FF16C2D24CDC3C9006FDE19 /* charizard_sad.png */,
				1FF16C3024CDC416006FDE19 /* sad_zubat.png */,
				1FF16C3324CDC437006FDE19 /* zubat.png */,
				1FF16CAA24CDDF08006FDE19 /* squirtle_squad.png */,
				1FF16C4324CDD277006FDE19 /* sad_squirtle.png */,
				1F87D69124CD1EE100B53411 /* Font.png */,
				DBDF1B5B2323DE8D007CECB1 /* glm */,
				DBDF1B5D2323DE8D007CECB1 /* ShaderProgram.cpp */,
				DBDF1B592323DE8D007CECB1 /* ShaderProgram.h */,
				DBDF1B5C2323DE8D007CECB1 /* shaders */,
				DBDF1B5A2323DE8D007CECB1 /* stb_image.h */,
				DBDF1B522323DE3F007CECB1 /* main.cpp */,
				1F87D68D24CD1EC500B53411 /* Scene.cpp */,
				1F87D68E24CD1EC700B53411 /* Scene.h */,
				1F0FD0BD24C8FBA10008E30C /* Map.cpp */,
				1F0FD0BE24C8FBA10008E30C /* Map.h */,
				1F0FD0B424C8FAEA0008E30C /* Level1.cpp */,
				1F0FD0B524C8FAEA0008E30C /* Level1.h */,
				1F0FD0B724C8FB3C0008E30C /* Level2.cpp */,
				1F0FD0B824C8FB3C0008E30C /* Level2.h */,
				1F0FD0BA24C8FB6E0008E30C /* Level3.cpp */,
				1F0FD0BB24C8FB6E0008E30C /* Level3.h */,
				1F87D68524CD1D6E00B53411 /* Entity.cpp */,
				1F87D68724CD1D7900B53411 /* Entity.h */,
				1F87D68824CD1DC600B53411 /* Util.cpp */,
				1F87D68924CD1DC700B53411 /* Util.h */,
				1F0FD0C024C8FBCD0008E30C /* Title.cpp */,
				1F0FD0C124C8FBCD0008E30C /* Title.h */,
			);
			path = SDLProject;
			sourceTree = "<group>";
		};
		DBDF1B5F2323DE92007CECB1 /* Frameworks */ = {
			isa = PBXGroup;
			children = (
				DBDF1B672323DEEA007CECB1 /* SDL2_image.framework */,
				DBDF1B682323DEEA007CECB1 /* SDL2_mixer.framework */,
				DBDF1B662323DEEA007CECB1 /* SDL2.framework */,
				DBDF1B642323DEDF007CECB1 /* Cocoa.framework */,
				DBDF1B622323DEDA007CECB1 /* OpenGL.framework */,
			);
			name = Frameworks;
			sourceTree = "<group>";
		};
/* End PBXGroup section */

/* Begin PBXNativeTarget section */
		DBDF1B4E2323DE3F007CECB1 /* SDLProject */ = {
			isa = PBXNativeTarget;
			buildConfigurationList = DBDF1B562323DE3F007CECB1 /* Build configuration list for PBXNativeTarget "SDLProject" */;
			buildPhases = (
				DBDF1B4B2323DE3F007CECB1 /* Sources */,
				DBDF1B4C2323DE3F007CECB1 /* Frameworks */,
				DBDF1B4D2323DE3F007CECB1 /* CopyFiles */,
			);
			buildRules = (
			);
			dependencies = (
			);
			name = SDLProject;
			productName = SDLProject;
			productReference = DBDF1B4F2323DE3F007CECB1 /* SDLProject */;
			productType = "com.apple.product-type.tool";
		};
/* End PBXNativeTarget section */

/* Begin PBXProject section */
		DBDF1B472323DE3F007CECB1 /* Project object */ = {
			isa = PBXProject;
			attributes = {
				LastUpgradeCheck = 1030;
				ORGANIZATIONNAME = ctg;
				TargetAttributes = {
					DBDF1B4E2323DE3F007CECB1 = {
						CreatedOnToolsVersion = 10.3;
					};
				};
			};
			buildConfigurationList = DBDF1B4A2323DE3F007CECB1 /* Build configuration list for PBXProject "SDLProject" */;
			compatibilityVersion = "Xcode 9.3";
			developmentRegion = en;
			hasScannedForEncodings = 0;
			knownRegions = (
				en,
			);
			mainGroup = DBDF1B462323DE3F007CECB1;
			productRefGroup = DBDF1B502323DE3F007CECB1 /* Products */;
			projectDirPath = "";
			projectRoot = "";
			targets = (
				DBDF1B4E2323DE3F007CECB1 /* SDLProject */,
			);
		};
/* End PBXProject section */

/* Begin PBXSourcesBuildPhase section */
		DBDF1B4B2323DE3F007CECB1 /* Sources */ = {
			isa = PBXSourcesBuildPhase;
			buildActionMask = 2147483647;
			files = (
				1F87D68A24CD1DC700B53411 /* Util.cpp in Sources */,
				1F87D68624CD1D6E00B53411 /* Entity.cpp in Sources */,
				1F0FD0BF24C8FBA10008E30C /* Map.cpp in Sources */,
				DBDF1B532323DE3F007CECB1 /* main.cpp in Sources */,
				1F0FD0C224C8FBCD0008E30C /* Title.cpp in Sources */,
				1F0FD0B924C8FB3C0008E30C /* Level2.cpp in Sources */,
				DBDF1B5E2323DE8D007CECB1 /* ShaderProgram.cpp in Sources */,
				1F0FD0B624C8FAEA0008E30C /* Level1.cpp in Sources */,
				1F87D68F24CD1EC700B53411 /* Scene.cpp in Sources */,
				1F0FD0BC24C8FB6E0008E30C /* Level3.cpp in Sources */,
			);
			runOnlyForDeploymentPostprocessing = 0;
		};
/* End PBXSourcesBuildPhase section */

/* Begin XCBuildConfiguration section */
		DBDF1B542323DE3F007CECB1 /* Debug */ = {
			isa = XCBuildConfiguration;
			buildSettings = {
				ALWAYS_SEARCH_USER_PATHS = NO;
				CLANG_ANALYZER_NONNULL = YES;
				CLANG_ANALYZER_NUMBER_OBJECT_CONVERSION = YES_AGGRESSIVE;
				CLANG_CXX_LANGUAGE_STANDARD = "gnu++14";
				CLANG_CXX_LIBRARY = "libc++";
				CLANG_ENABLE_MODULES = YES;
				CLANG_ENABLE_OBJC_ARC = YES;
				CLANG_ENABLE_OBJC_WEAK = YES;
				CLANG_WARN_BLOCK_CAPTURE_AUTORELEASING = YES;
				CLANG_WARN_BOOL_CONVERSION = YES;
				CLANG_WARN_COMMA = YES;
				CLANG_WARN_CONSTANT_CONVERSION = YES;
				CLANG_WARN_DEPRECATED_OBJC_IMPLEMENTATIONS = YES;
				CLANG_WARN_DIRECT_OBJC_ISA_USAGE = YES_ERROR;
				CLANG_WARN_DOCUMENTATION_COMMENTS = YES;
				CLANG_WARN_EMPTY_BODY = YES;
				CLANG_WARN_ENUM_CONVERSION = YES;
				CLANG_WARN_INFINITE_RECURSION = YES;
				CLANG_WARN_INT_CONVERSION = YES;
				CLANG_WARN_NON_LITERAL_NULL_CONVERSION = YES;
				CLANG_WARN_OBJC_IMPLICIT_RETAIN_SELF = YES;
				CLANG_WARN_OBJC_LITERAL_CONVERSION = YES;
				CLANG_WARN_OBJC_ROOT_CLASS = YES_ERROR;
				CLANG_WARN_RANGE_LOOP_ANALYSIS = YES;
				CLANG_WARN_STRICT_PROTOTYPES = YES;
				CLANG_WARN_SUSPICIOUS_MOVE = YES;
				CLANG_WARN_UNGUARDED_AVAILABILITY = YES_AGGRESSIVE;
				CLANG_WARN_UNREACHABLE_CODE = YES;
				CLANG_WARN__DUPLICATE_METHOD_MATCH = YES;
				CODE_SIGN_IDENTITY = "-";
				COPY_PHASE_STRIP = NO;
				DEBUG_INFORMATION_FORMAT = dwarf;
				ENABLE_STRICT_OBJC_MSGSEND = YES;
				ENABLE_TESTABILITY = YES;
				GCC_C_LANGUAGE_STANDARD = gnu11;
				GCC_DYNAMIC_NO_PIC = NO;
				GCC_NO_COMMON_BLOCKS = YES;
				GCC_OPTIMIZATION_LEVEL = 0;
				GCC_PREPROCESSOR_DEFINITIONS = (
					"DEBUG=1",
					"$(inherited)",
				);
				GCC_WARN_64_TO_32_BIT_CONVERSION = YES;
				GCC_WARN_ABOUT_RETURN_TYPE = YES_ERROR;
				GCC_WARN_UNDECLARED_SELECTOR = YES;
				GCC_WARN_UNINITIALIZED_AUTOS = YES_AGGRESSIVE;
				GCC_WARN_UNUSED_FUNCTION = YES;
				GCC_WARN_UNUSED_VARIABLE = YES;
				MACOSX_DEPLOYMENT_TARGET = 10.14;
				MTL_ENABLE_DEBUG_INFO = INCLUDE_SOURCE;
				MTL_FAST_MATH = YES;
				ONLY_ACTIVE_ARCH = YES;
				SDKROOT = macosx;
			};
			name = Debug;
		};
		DBDF1B552323DE3F007CECB1 /* Release */ = {
			isa = XCBuildConfiguration;
			buildSettings = {
				ALWAYS_SEARCH_USER_PATHS = NO;
				CLANG_ANALYZER_NONNULL = YES;
				CLANG_ANALYZER_NUMBER_OBJECT_CONVERSION = YES_AGGRESSIVE;
				CLANG_CXX_LANGUAGE_STANDARD = "gnu++14";
				CLANG_CXX_LIBRARY = "libc++";
				CLANG_ENABLE_MODULES = YES;
				CLANG_ENABLE_OBJC_ARC = YES;
				CLANG_ENABLE_OBJC_WEAK = YES;
				CLANG_WARN_BLOCK_CAPTURE_AUTORELEASING = YES;
				CLANG_WARN_BOOL_CONVERSION = YES;
				CLANG_WARN_COMMA = YES;
				CLANG_WARN_CONSTANT_CONVERSION = YES;
				CLANG_WARN_DEPRECATED_OBJC_IMPLEMENTATIONS = YES;
				CLANG_WARN_DIRECT_OBJC_ISA_USAGE = YES_ERROR;
				CLANG_WARN_DOCUMENTATION_COMMENTS = YES;
				CLANG_WARN_EMPTY_BODY = YES;
				CLANG_WARN_ENUM_CONVERSION = YES;
				CLANG_WARN_INFINITE_RECURSION = YES;
				CLANG_WARN_INT_CONVERSION = YES;
				CLANG_WARN_NON_LITERAL_NULL_CONVERSION = YES;
				CLANG_WARN_OBJC_IMPLICIT_RETAIN_SELF = YES;
				CLANG_WARN_OBJC_LITERAL_CONVERSION = YES;
				CLANG_WARN_OBJC_ROOT_CLASS = YES_ERROR;
				CLANG_WARN_RANGE_LOOP_ANALYSIS = YES;
				CLANG_WARN_STRICT_PROTOTYPES = YES;
				CLANG_WARN_SUSPICIOUS_MOVE = YES;
				CLANG_WARN_UNGUARDED_AVAILABILITY = YES_AGGRESSIVE;
				CLANG_WARN_UNREACHABLE_CODE = YES;
				CLANG_WARN__DUPLICATE_METHOD_MATCH = YES;
				CODE_SIGN_IDENTITY = "-";
				COPY_PHASE_STRIP = NO;
				DEBUG_INFORMATION_FORMAT = "dwarf-with-dsym";
				ENABLE_NS_ASSERTIONS = NO;
				ENABLE_STRICT_OBJC_MSGSEND = YES;
				GCC_C_LANGUAGE_STANDARD = gnu11;
				GCC_NO_COMMON_BLOCKS = YES;
				GCC_WARN_64_TO_32_BIT_CONVERSION = YES;
				GCC_WARN_ABOUT_RETURN_TYPE = YES_ERROR;
				GCC_WARN_UNDECLARED_SELECTOR = YES;
				GCC_WARN_UNINITIALIZED_AUTOS = YES_AGGRESSIVE;
				GCC_WARN_UNUSED_FUNCTION = YES;
				GCC_WARN_UNUSED_VARIABLE = YES;
				MACOSX_DEPLOYMENT_TARGET = 10.14;
				MTL_ENABLE_DEBUG_INFO = NO;
				MTL_FAST_MATH = YES;
				SDKROOT = macosx;
			};
			name = Release;
		};
		DBDF1B572323DE3F007CECB1 /* Debug */ = {
			isa = XCBuildConfiguration;
			buildSettings = {
				CODE_SIGN_STYLE = Automatic;
				FRAMEWORK_SEARCH_PATHS = (
					"$(inherited)",
					"$(LOCAL_LIBRARY_DIR)/Frameworks",
				);
				HEADER_SEARCH_PATHS = (
					/Library/Frameworks/SDL2_image.framework/Versions/A/Headers,
					/Library/Frameworks/SDL2.framework/Versions/A/Headers,
					/Library/Frameworks/SDL2_mixer.framework/Versions/A/Headers,
				);
				PRODUCT_NAME = "$(TARGET_NAME)";
			};
			name = Debug;
		};
		DBDF1B582323DE3F007CECB1 /* Release */ = {
			isa = XCBuildConfiguration;
			buildSettings = {
				CODE_SIGN_STYLE = Automatic;
				FRAMEWORK_SEARCH_PATHS = (
					"$(inherited)",
					"$(LOCAL_LIBRARY_DIR)/Frameworks",
				);
				HEADER_SEARCH_PATHS = (
					/Library/Frameworks/SDL2_image.framework/Versions/A/Headers,
					/Library/Frameworks/SDL2.framework/Versions/A/Headers,
					/Library/Frameworks/SDL2_mixer.framework/Versions/A/Headers,
				);
				PRODUCT_NAME = "$(TARGET_NAME)";
			};
			name = Release;
		};
/* End XCBuildConfiguration section */

/* Begin XCConfigurationList section */
		DBDF1B4A2323DE3F007CECB1 /* Build configuration list for PBXProject "SDLProject" */ = {
			isa = XCConfigurationList;
			buildConfigurations = (
				DBDF1B542323DE3F007CECB1 /* Debug */,
				DBDF1B552323DE3F007CECB1 /* Release */,
			);
			defaultConfigurationIsVisible = 0;
			defaultConfigurationName = Release;
		};
		DBDF1B562323DE3F007CECB1 /* Build configuration list for PBXNativeTarget "SDLProject" */ = {
			isa = XCConfigurationList;
			buildConfigurations = (
				DBDF1B572323DE3F007CECB1 /* Debug */,
				DBDF1B582323DE3F007CECB1 /* Release */,
			);
			defaultConfigurationIsVisible = 0;
			defaultConfigurationName = Release;
		};
/* End XCConfigurationList section */
	};
	rootObject = DBDF1B472323DE3F007CECB1 /* Project object */;
}
